
Microsoft Visual Studio Solution File, Format Version 12.00
# Visual Studio Version 17
VisualStudioVersion = 17.3.32819.101
MinimumVisualStudioVersion = 10.0.40219.1
Project("{FAE04EC0-301F-11D3-BF4B-00C04F79EFBC}") = "snakeGame", "snakeGame\snakeGame.csproj", "{D7817790-6970-45E4-82A2-38913C071C1A}"
EndProject
Global
	GlobalSection(SolutionConfigurationPlatforms) = preSolution
		Debug|Any CPU = Debug|Any CPU
		Release|Any CPU = Release|Any CPU
	EndGlobalSection
	GlobalSection(ProjectConfigurationPlatforms) = postSolution
		{D7817790-6970-45E4-82A2-38913C071C1A}.Debug|Any CPU.ActiveCfg = Debug|Any CPU
		{D7817790-6970-45E4-82A2-38913C071C1A}.Debug|Any CPU.Build.0 = Debug|Any CPU
		{D7817790-6970-45E4-82A2-38913C071C1A}.Release|Any CPU.ActiveCfg = Release|Any CPU
		{D7817790-6970-45E4-82A2-38913C071C1A}.Release|Any CPU.Build.0 = Release|Any CPU
	EndGlobalSection
	GlobalSection(SolutionProperties) = preSolution
		HideSolutionNode = FALSE
	EndGlobalSection
	GlobalSection(ExtensibilityGlobals) = postSolution
		SolutionGuid = {47E5A37B-D342-45B1-8848-F2D24F39BC9D}
	EndGlobalSection
EndGlobal
